<?xml version="1.0" encoding="utf-8"?>
<Project ToolsVersion="4.0" xmlns="http://schemas.microsoft.com/developer/msbuild/2003">
  <ItemGroup>
    <Filter Include="소스 파일">
      <UniqueIdentifier>{4FC737F1-C7A5-4376-A066-2A32D752A2FF}</UniqueIdentifier>
      <Extensions>cpp;c;cc;cxx;c++;cppm;ixx;def;odl;idl;hpj;bat;asm;asmx</Extensions>
    </Filter>
    <Filter Include="헤더 파일">
      <UniqueIdentifier>{93995380-89BD-4b04-88EB-625FBE52EBFB}</UniqueIdentifier>
      <Extensions>h;hh;hpp;hxx;h++;hm;inl;inc;ipp;xsd</Extensions>
    </Filter>
    <Filter Include="리소스 파일">
      <UniqueIdentifier>{67DA6AB6-F800-4c08-8B7A-83BB121AAD01}</UniqueIdentifier>
      <Extensions>rc;ico;cur;bmp;dlg;rc2;rct;bin;rgs;gif;jpg;jpeg;jpe;resx;tiff;tif;png;wav;mfcribbon-ms</Extensions>
    </Filter>
  </ItemGroup>
  <ItemGroup>
    <ClCompile Include="ch08_p1.cpp">
      <Filter>소스 파일</Filter>
    </ClCompile>
    <ClCompile Include="ch08_p2.cpp">
      <Filter>소스 파일</Filter>
    </ClCompile>
    <ClCompile Include="ch09_e9.cpp">
      <Filter>소스 파일</Filter>
    </ClCompile>
    <ClCompile Include="ch10_e7.cpp">
      <Filter>소스 파일</Filter>
    </ClCompile>
    <ClCompile Include="ch10_0505_p4.cpp">
      <Filter>소스 파일</Filter>
    </ClCompile>
    <ClCompile Include="ch12_p501.cpp">
      <Filter>소스 파일</Filter>
    </ClCompile>
    <ClCompile Include="ch12_p509.cpp">
      <Filter>소스 파일</Filter>
    </ClCompile>
    <ClCompile Include="ch12_p494.cpp">
      <Filter>소스 파일</Filter>
    </ClCompile>
    <ClCompile Include="ch11_p459.cpp">
      <Filter>소스 파일</Filter>
    </ClCompile>
    <ClCompile Include="ch11_p460.cpp">
      <Filter>소스 파일</Filter>
    </ClCompile>
    <ClCompile Include="ch11_p461.cpp">
      <Filter>소스 파일</Filter>
    </ClCompile>
    <ClCompile Include="ch13_p542.cpp">
      <Filter>소스 파일</Filter>
    </ClCompile>
    <ClCompile Include="ch11_p462.cpp">
      <Filter>소스 파일</Filter>
    </ClCompile>
    <ClCompile Include="ch11_p465.cpp">
      <Filter>소스 파일</Filter>
    </ClCompile>
    <ClCompile Include="ch11_p467.cpp">
      <Filter>소스 파일</Filter>
    </ClCompile>
    <ClCompile Include="ch11_p474.cpp">
      <Filter>소스 파일</Filter>
    </ClCompile>
    <ClCompile Include="ch14_p570.cpp">
      <Filter>소스 파일</Filter>
    </ClCompile>
    <ClCompile Include="ch14_p572.cpp">
      <Filter>소스 파일</Filter>
    </ClCompile>
    <ClCompile Include="ch14_p577.cpp">
      <Filter>소스 파일</Filter>
    </ClCompile>
    <ClCompile Include="ch14_p585.cpp">
      <Filter>소스 파일</Filter>
    </ClCompile>
    <ClCompile Include="ch14_p589.cpp">
      <Filter>소스 파일</Filter>
    </ClCompile>
    <ClCompile Include="ch14_p581.cpp">
      <Filter>소스 파일</Filter>
    </ClCompile>
    <ClCompile Include="ch14_p584.cpp">
      <Filter>소스 파일</Filter>
    </ClCompile>
    <ClCompile Include="ch14_p584_2.cpp">
      <Filter>소스 파일</Filter>
    </ClCompile>
    <ClCompile Include="ch15_p607.cpp">
      <Filter>소스 파일</Filter>
    </ClCompile>
    <ClCompile Include="ch15_p609.cpp">
      <Filter>소스 파일</Filter>
    </ClCompile>
    <ClCompile Include="ch15_p610.cpp">
      <Filter>소스 파일</Filter>
    </ClCompile>
    <ClCompile Include="ch15_p611.cpp">
      <Filter>소스 파일</Filter>
    </ClCompile>
    <ClCompile Include="ch15_p616.cpp">
      <Filter>소스 파일</Filter>
    </ClCompile>
    <ClCompile Include="ch15_p617.cpp">
      <Filter>소스 파일</Filter>
    </ClCompile>
    <ClCompile Include="ch15_p621.cpp">
      <Filter>소스 파일</Filter>
    </ClCompile>
    <ClCompile Include="ch16_p630.cpp">
      <Filter>소스 파일</Filter>
    </ClCompile>
    <ClCompile Include="ch16_p634.cpp">
      <Filter>소스 파일</Filter>
    </ClCompile>
    <ClCompile Include="ch16_p637.cpp">
      <Filter>소스 파일</Filter>
    </ClCompile>
    <ClCompile Include="ch16_p640.cpp">
      <Filter>소스 파일</Filter>
    </ClCompile>
    <ClCompile Include="ch16_p642.cpp">
      <Filter>소스 파일</Filter>
    </ClCompile>
    <ClCompile Include="ch16_p644.cpp">
      <Filter>소스 파일</Filter>
    </ClCompile>
    <ClCompile Include="ch18_p688.cpp">
      <Filter>소스 파일</Filter>
    </ClCompile>
    <ClCompile Include="ch18_p696.cpp">
      <Filter>소스 파일</Filter>
    </ClCompile>
    <ClCompile Include="ch18_p697.cpp">
      <Filter>소스 파일</Filter>
    </ClCompile>
    <ClCompile Include="ch18_p700.cpp">
      <Filter>소스 파일</Filter>
    </ClCompile>
    <ClCompile Include="ch18_e6.cpp">
      <Filter>소스 파일</Filter>
    </ClCompile>
    <ClCompile Include="ch19_test04.cpp">
      <Filter>소스 파일</Filter>
    </ClCompile>
    <ClCompile Include="ch19_test05.cpp">
      <Filter>소스 파일</Filter>
    </ClCompile>
    <ClCompile Include="ch19_p731.cpp">
      <Filter>소스 파일</Filter>
    </ClCompile>
    <ClCompile Include="ch19_p733.cpp">
      <Filter>소스 파일</Filter>
    </ClCompile>
    <ClCompile Include="ch19_p734.cpp">
      <Filter>소스 파일</Filter>
    </ClCompile>
    <ClCompile Include="ch19_p736.cpp">
      <Filter>소스 파일</Filter>
    </ClCompile>
    <ClCompile Include="ch19_p738.cpp">
      <Filter>소스 파일</Filter>
    </ClCompile>
    <ClCompile Include="ch19_p740.cpp">
      <Filter>소스 파일</Filter>
    </ClCompile>
    <ClCompile Include="ch19_p741.cpp">
      <Filter>소스 파일</Filter>
    </ClCompile>
    <ClCompile Include="ch19_p742.cpp">
      <Filter>소스 파일</Filter>
    </ClCompile>
    <ClCompile Include="ch19_p743.cpp">
      <Filter>소스 파일</Filter>
    </ClCompile>
    <ClCompile Include="ch19_p744.cpp">
      <Filter>소스 파일</Filter>
    </ClCompile>
    <ClCompile Include="ch19_p745.cpp">
      <Filter>소스 파일</Filter>
    </ClCompile>
  </ItemGroup>
  <ItemGroup>
    <ClInclude Include="printHeader.h">
      <Filter>헤더 파일</Filter>
    </ClInclude>
  </ItemGroup>
</Project>